# This file is generated by running "yarn install" inside your project.
# Manual changes might be lost - proceed with caution!

__metadata:
  version: 4
  cacheKey: 7

"@tsconfig/node10@npm:^1.0.0":
  version: 1.0.7
  resolution: "@tsconfig/node10@npm:1.0.7"
  checksum: a1ca75224357c60829533061f9be6898a2df02cb0e360a356112070596ffa6102c56964d195023d5abb451e22473ceb7e138c82025ae84c7b5a1f69259e5f8a4
  languageName: node
  linkType: hard

"@tsconfig/node14@npm:^1.0.0":
  version: 1.0.0
  resolution: "@tsconfig/node14@npm:1.0.0"
  checksum: 3eda14250ed8a03910ce822056f0d2fc2bcf41d9f1f3c6b202a6b32277dc638f475425fe7a1c03fbdba4e7f3b89668ecbac92d101c9e9fb56018c098393759ec
  languageName: node
  linkType: hard

"@types/node@npm:^14.14.7":
  version: 14.14.7
  resolution: "@types/node@npm:14.14.7"
  checksum: 4fc8434bfe81c2a3102fa76777712ecee9e9177d43ec5929ba0dfd5a77a6c459cf10a37df64ea880a328f06973f6210eabf04b312428e309b2e8998147a6cd63
  languageName: node
  linkType: hard

"buffer-from@npm:^1.0.0":
  version: 1.1.1
  resolution: "buffer-from@npm:1.1.1"
  checksum: 540ceb79c4f5bfcadaabbc18324fa84c50dc52905084be7c03596a339cf5a88513bee6831ce9b36ddd046fab09257a7c80686e129d0559a0cfd141da196ad956
  languageName: node
  linkType: hard

"source-map-support@npm:^0.5.19":
  version: 0.5.19
  resolution: "source-map-support@npm:0.5.19"
  dependencies:
    buffer-from: ^1.0.0
    source-map: ^0.6.0
  checksum: 59d4efaae97755155b078413ecba63517e3ef054cc7ab767bbd30e6f3054be2ae8e8f5cce7eef53b7eb93e98fe27a58dd8f5e7abfb13144ba420ddaf5267bbb2
  languageName: node
  linkType: hard

"source-map@npm:^0.6.0":
  version: 0.6.1
  resolution: "source-map@npm:0.6.1"
  checksum: 8647829a0611724114022be455ca1c8a2c8ae61df81c5b3667d9b398207226a1e21174fb7bbf0b4dbeb27ac358222afb5a14f1c74a62a62b8883b012e5eb1270
  languageName: node
  linkType: hard

"tszip@workspace:.":
  version: 0.0.0-use.local
  resolution: "tszip@workspace:."
  dependencies:
    typescript: ^4.0.5
  languageName: unknown
  linkType: soft

typescript@^4.0.5:
  version: 4.0.5
  resolution: "typescript@npm:4.0.5"
  bin:
    tsc: bin/tsc
    tsserver: bin/tsserver
  checksum: ce94d4bbb914cc9d6fbd42e1476ab18c3292b262b8ba7ba76cd167a858545207a604e75bf1efbb75b8654c8f85deaa19795c3ef00098d7612855139b4ecc0240
  languageName: node
  linkType: hard

"typescript@patch:typescript@^4.0.5#builtin<compat/typescript>":
  version: 4.0.5
  resolution: "typescript@patch:typescript@npm%3A4.0.5#builtin<compat/typescript>::version=4.0.5&hash=5bf698"
  bin:
    tsc: bin/tsc
    tsserver: bin/tsserver
  checksum: d4be0bd2a2050b2d7b132cb2a40329178f181543e9d2ac6d1f06babd9f047208558a736a7effdeb28759ae2e815f070b61d10ee2f02cc93a6221a1490f21ffce
  languageName: node
  linkType: hard

"ziplib@workspace:packages/ziplib":
  version: 0.0.0-use.local
  resolution: "ziplib@workspace:packages/ziplib"
  dependencies:
    "@tsconfig/node10": ^1.0.0
    "@tsconfig/node14": ^1.0.0
    "@types/node": ^14.14.7
    source-map-support: ^0.5.19
    typescript: ^4.0.5
  languageName: unknown
  linkType: soft
